
Microsoft Visual Studio Solution File, Format Version 12.00
# Visual Studio Version 16
VisualStudioVersion = 16.0.30523.141
MinimumVisualStudioVersion = 10.0.40219.1
Project("{FAE04EC0-301F-11D3-BF4B-00C04F79EFBC}") = "Fpract1", "Fpract1\Fpract1.csproj", "{8404411A-9943-48B4-9C45-712438FE724A}"
EndProject
Global
	GlobalSection(SolutionConfigurationPlatforms) = preSolution
		Debug|Any CPU = Debug|Any CPU
		Release|Any CPU = Release|Any CPU
	EndGlobalSection
	GlobalSection(ProjectConfigurationPlatforms) = postSolution
		{8404411A-9943-48B4-9C45-712438FE724A}.Debug|Any CPU.ActiveCfg = Debug|Any CPU
		{8404411A-9943-48B4-9C45-712438FE724A}.Debug|Any CPU.Build.0 = Debug|Any CPU
		{8404411A-9943-48B4-9C45-712438FE724A}.Release|Any CPU.ActiveCfg = Release|Any CPU
		{8404411A-9943-48B4-9C45-712438FE724A}.Release|Any CPU.Build.0 = Release|Any CPU
	EndGlobalSection
	GlobalSection(SolutionProperties) = preSolution
		HideSolutionNode = FALSE
	EndGlobalSection
	GlobalSection(ExtensibilityGlobals) = postSolution
		SolutionGuid = {8D376B7B-E698-4616-9876-14A27D106BCE}
	EndGlobalSection
EndGlobal
